
Microsoft Visual Studio Solution File, Format Version 12.00
# Visual Studio Version 17
VisualStudioVersion = 17.4.33205.214
MinimumVisualStudioVersion = 10.0.40219.1
Project("{2150E333-8FDC-42A3-9474-1A3956D46DE8}") = "src", "src", "{90BDF4DB-E6AC-44F6-9F59-2A80AFF7011B}"
EndProject
Project("{2150E333-8FDC-42A3-9474-1A3956D46DE8}") = "tests", "tests", "{FD42F8BF-3BB6-4C5F-942B-D200852385D7}"
EndProject
Project("{9A19103F-16F7-4668-BE54-9A1E7A4F7556}") = "AocLib", "src\AocLib\AocLib.csproj", "{028D7C9A-41AC-4D52-8882-1B01D08BEE2A}"
EndProject
Project("{9A19103F-16F7-4668-BE54-9A1E7A4F7556}") = "AocLib.Tests", "tests\AocLib.Tests\AocLib.Tests.csproj", "{F0F1269E-E4DB-4F6B-9A28-BF30DC0F1633}"
EndProject
Project("{2150E333-8FDC-42A3-9474-1A3956D46DE8}") = "2022", "2022", "{579E0A03-646D-4B06-BC67-113D57233C72}"
EndProject
Project("{9A19103F-16F7-4668-BE54-9A1E7A4F7556}") = "Day01p1", "src\2022\Day01p1\Day01p1.csproj", "{8B554A9C-63FB-46A8-8D9A-5395F7FFEF59}"
EndProject
Project("{9A19103F-16F7-4668-BE54-9A1E7A4F7556}") = "Day01p2", "src\2022\Day01p2\Day01p2.csproj", "{0F65F034-F30A-4E07-AB5E-60E80283319C}"
EndProject
Project("{9A19103F-16F7-4668-BE54-9A1E7A4F7556}") = "Day02p1", "src\2022\Day02p1\Day02p1.csproj", "{C21B8ED0-B584-4361-86B8-1424EBFB6897}"
EndProject
Project("{9A19103F-16F7-4668-BE54-9A1E7A4F7556}") = "Day02p2", "src\2022\Day02p2\Day02p2.csproj", "{C8A9B8B8-692A-4D66-9297-A50D0C3140BC}"
EndProject
Project("{9A19103F-16F7-4668-BE54-9A1E7A4F7556}") = "Day03p1", "src\2022\Day03p1\Day03p1.csproj", "{5D8428AF-1A01-4195-98E8-19B9C37EBEE8}"
EndProject
Project("{9A19103F-16F7-4668-BE54-9A1E7A4F7556}") = "Day03p2", "src\2022\Day03p2\Day03p2.csproj", "{EDC5BD25-EC60-4807-A9F2-D8589B797B89}"
EndProject
Project("{9A19103F-16F7-4668-BE54-9A1E7A4F7556}") = "Day04p1", "src\2022\Day04p1\Day04p1.csproj", "{4C08531C-D659-4AED-80C6-68FB793E02E9}"
EndProject
Project("{9A19103F-16F7-4668-BE54-9A1E7A4F7556}") = "Day04p2", "src\2022\Day04p2\Day04p2.csproj", "{57688248-CDEA-4614-ADFF-B514D49D9FE4}"
EndProject
Project("{9A19103F-16F7-4668-BE54-9A1E7A4F7556}") = "Day05p1", "src\2022\Day05p1\Day05p1.csproj", "{7103775C-F9D5-4282-986A-1566EDBB2E0F}"
EndProject
Project("{9A19103F-16F7-4668-BE54-9A1E7A4F7556}") = "Day05p2", "src\2022\Day05p2\Day05p2.csproj", "{9F293DE5-284F-44B2-9F7C-23A41781EB10}"
EndProject
Project("{9A19103F-16F7-4668-BE54-9A1E7A4F7556}") = "Day06p1", "src\2022\Day06p1\Day06p1.csproj", "{8A63EE0A-DDF7-4BE7-B4D8-85E1668F8F15}"
EndProject
Project("{9A19103F-16F7-4668-BE54-9A1E7A4F7556}") = "Day06p2", "src\2022\Day06p2\Day06p2.csproj", "{3548C272-6FF2-4287-9EC3-18E407CBF848}"
EndProject
Project("{9A19103F-16F7-4668-BE54-9A1E7A4F7556}") = "Day07p1", "src\2022\Day07p1\Day07p1.csproj", "{AA67DFB1-71D2-4D73-8320-13B7F5181D4B}"
EndProject
Project("{9A19103F-16F7-4668-BE54-9A1E7A4F7556}") = "Day07p2", "src\2022\Day07p2\Day07p2.csproj", "{1C38D9C9-AE5F-4EAD-8855-09160C188F2A}"
EndProject
Project("{9A19103F-16F7-4668-BE54-9A1E7A4F7556}") = "Day08p1", "src\2022\Day08p1\Day08p1.csproj", "{74043259-5C31-4E40-9538-34E8E563D73A}"
EndProject
Project("{9A19103F-16F7-4668-BE54-9A1E7A4F7556}") = "Day08p2", "src\2022\Day08p2\Day08p2.csproj", "{4B08D67D-4185-4AB0-8BC3-9B033F565C32}"
EndProject
Project("{9A19103F-16F7-4668-BE54-9A1E7A4F7556}") = "Day09p1", "src\2022\Day09p1\Day09p1.csproj", "{CACA17EC-2CA6-4F03-A9B7-7E0C2EEF8AD1}"
EndProject
Project("{9A19103F-16F7-4668-BE54-9A1E7A4F7556}") = "Day09p2", "src\2022\Day09p2\Day09p2.csproj", "{27A3D588-4936-4A0F-9280-F8757A3367D0}"
EndProject
Project("{9A19103F-16F7-4668-BE54-9A1E7A4F7556}") = "Day10p1", "src\2022\Day10p1\Day10p1.csproj", "{EAA1AFCC-3EEE-463D-9767-F4701030D082}"
EndProject
Project("{9A19103F-16F7-4668-BE54-9A1E7A4F7556}") = "Day10p2", "src\2022\Day10p2\Day10p2.csproj", "{1A1C2F16-3AF0-42B9-879F-3B2E126854D9}"
EndProject
Project("{9A19103F-16F7-4668-BE54-9A1E7A4F7556}") = "Day11p1", "src\2022\Day11p1\Day11p1.csproj", "{030F4EEB-7A57-4412-9984-C15988BF3466}"
EndProject
Project("{9A19103F-16F7-4668-BE54-9A1E7A4F7556}") = "Day11p2", "src\2022\Day11p2\Day11p2.csproj", "{420AB0CB-9FA1-41BD-928C-34AC317A3D39}"
EndProject
Project("{9A19103F-16F7-4668-BE54-9A1E7A4F7556}") = "Day12p1", "src\2022\Day12p1\Day12p1.csproj", "{9973BB1C-A93C-43CF-84D6-9049EBC7AB4B}"
EndProject
Project("{9A19103F-16F7-4668-BE54-9A1E7A4F7556}") = "Day12p2", "src\2022\Day12p2\Day12p2.csproj", "{06526C98-4980-4ED2-A646-D04FF0DCE559}"
EndProject
Global
	GlobalSection(SolutionConfigurationPlatforms) = preSolution
		Debug|Any CPU = Debug|Any CPU
		Release|Any CPU = Release|Any CPU
	EndGlobalSection
	GlobalSection(ProjectConfigurationPlatforms) = postSolution
		{028D7C9A-41AC-4D52-8882-1B01D08BEE2A}.Debug|Any CPU.ActiveCfg = Debug|Any CPU
		{028D7C9A-41AC-4D52-8882-1B01D08BEE2A}.Debug|Any CPU.Build.0 = Debug|Any CPU
		{028D7C9A-41AC-4D52-8882-1B01D08BEE2A}.Release|Any CPU.ActiveCfg = Release|Any CPU
		{028D7C9A-41AC-4D52-8882-1B01D08BEE2A}.Release|Any CPU.Build.0 = Release|Any CPU
		{F0F1269E-E4DB-4F6B-9A28-BF30DC0F1633}.Debug|Any CPU.ActiveCfg = Debug|Any CPU
		{F0F1269E-E4DB-4F6B-9A28-BF30DC0F1633}.Debug|Any CPU.Build.0 = Debug|Any CPU
		{F0F1269E-E4DB-4F6B-9A28-BF30DC0F1633}.Release|Any CPU.ActiveCfg = Release|Any CPU
		{F0F1269E-E4DB-4F6B-9A28-BF30DC0F1633}.Release|Any CPU.Build.0 = Release|Any CPU
		{8B554A9C-63FB-46A8-8D9A-5395F7FFEF59}.Debug|Any CPU.ActiveCfg = Debug|Any CPU
		{8B554A9C-63FB-46A8-8D9A-5395F7FFEF59}.Debug|Any CPU.Build.0 = Debug|Any CPU
		{8B554A9C-63FB-46A8-8D9A-5395F7FFEF59}.Release|Any CPU.ActiveCfg = Release|Any CPU
		{8B554A9C-63FB-46A8-8D9A-5395F7FFEF59}.Release|Any CPU.Build.0 = Release|Any CPU
		{0F65F034-F30A-4E07-AB5E-60E80283319C}.Debug|Any CPU.ActiveCfg = Debug|Any CPU
		{0F65F034-F30A-4E07-AB5E-60E80283319C}.Debug|Any CPU.Build.0 = Debug|Any CPU
		{0F65F034-F30A-4E07-AB5E-60E80283319C}.Release|Any CPU.ActiveCfg = Release|Any CPU
		{0F65F034-F30A-4E07-AB5E-60E80283319C}.Release|Any CPU.Build.0 = Release|Any CPU
		{C21B8ED0-B584-4361-86B8-1424EBFB6897}.Debug|Any CPU.ActiveCfg = Debug|Any CPU
		{C21B8ED0-B584-4361-86B8-1424EBFB6897}.Debug|Any CPU.Build.0 = Debug|Any CPU
		{C21B8ED0-B584-4361-86B8-1424EBFB6897}.Release|Any CPU.ActiveCfg = Release|Any CPU
		{C21B8ED0-B584-4361-86B8-1424EBFB6897}.Release|Any CPU.Build.0 = Release|Any CPU
		{C8A9B8B8-692A-4D66-9297-A50D0C3140BC}.Debug|Any CPU.ActiveCfg = Debug|Any CPU
		{C8A9B8B8-692A-4D66-9297-A50D0C3140BC}.Debug|Any CPU.Build.0 = Debug|Any CPU
		{C8A9B8B8-692A-4D66-9297-A50D0C3140BC}.Release|Any CPU.ActiveCfg = Release|Any CPU
		{C8A9B8B8-692A-4D66-9297-A50D0C3140BC}.Release|Any CPU.Build.0 = Release|Any CPU
		{5D8428AF-1A01-4195-98E8-19B9C37EBEE8}.Debug|Any CPU.ActiveCfg = Debug|Any CPU
		{5D8428AF-1A01-4195-98E8-19B9C37EBEE8}.Debug|Any CPU.Build.0 = Debug|Any CPU
		{5D8428AF-1A01-4195-98E8-19B9C37EBEE8}.Release|Any CPU.ActiveCfg = Release|Any CPU
		{5D8428AF-1A01-4195-98E8-19B9C37EBEE8}.Release|Any CPU.Build.0 = Release|Any CPU
		{EDC5BD25-EC60-4807-A9F2-D8589B797B89}.Debug|Any CPU.ActiveCfg = Debug|Any CPU
		{EDC5BD25-EC60-4807-A9F2-D8589B797B89}.Debug|Any CPU.Build.0 = Debug|Any CPU
		{EDC5BD25-EC60-4807-A9F2-D8589B797B89}.Release|Any CPU.ActiveCfg = Release|Any CPU
		{EDC5BD25-EC60-4807-A9F2-D8589B797B89}.Release|Any CPU.Build.0 = Release|Any CPU
		{4C08531C-D659-4AED-80C6-68FB793E02E9}.Debug|Any CPU.ActiveCfg = Debug|Any CPU
		{4C08531C-D659-4AED-80C6-68FB793E02E9}.Debug|Any CPU.Build.0 = Debug|Any CPU
		{4C08531C-D659-4AED-80C6-68FB793E02E9}.Release|Any CPU.ActiveCfg = Release|Any CPU
		{4C08531C-D659-4AED-80C6-68FB793E02E9}.Release|Any CPU.Build.0 = Release|Any CPU
		{57688248-CDEA-4614-ADFF-B514D49D9FE4}.Debug|Any CPU.ActiveCfg = Debug|Any CPU
		{57688248-CDEA-4614-ADFF-B514D49D9FE4}.Debug|Any CPU.Build.0 = Debug|Any CPU
		{57688248-CDEA-4614-ADFF-B514D49D9FE4}.Release|Any CPU.ActiveCfg = Release|Any CPU
		{57688248-CDEA-4614-ADFF-B514D49D9FE4}.Release|Any CPU.Build.0 = Release|Any CPU
		{7103775C-F9D5-4282-986A-1566EDBB2E0F}.Debug|Any CPU.ActiveCfg = Debug|Any CPU
		{7103775C-F9D5-4282-986A-1566EDBB2E0F}.Debug|Any CPU.Build.0 = Debug|Any CPU
		{7103775C-F9D5-4282-986A-1566EDBB2E0F}.Release|Any CPU.ActiveCfg = Release|Any CPU
		{7103775C-F9D5-4282-986A-1566EDBB2E0F}.Release|Any CPU.Build.0 = Release|Any CPU
		{9F293DE5-284F-44B2-9F7C-23A41781EB10}.Debug|Any CPU.ActiveCfg = Debug|Any CPU
		{9F293DE5-284F-44B2-9F7C-23A41781EB10}.Debug|Any CPU.Build.0 = Debug|Any CPU
		{9F293DE5-284F-44B2-9F7C-23A41781EB10}.Release|Any CPU.ActiveCfg = Release|Any CPU
		{9F293DE5-284F-44B2-9F7C-23A41781EB10}.Release|Any CPU.Build.0 = Release|Any CPU
		{8A63EE0A-DDF7-4BE7-B4D8-85E1668F8F15}.Debug|Any CPU.ActiveCfg = Debug|Any CPU
		{8A63EE0A-DDF7-4BE7-B4D8-85E1668F8F15}.Debug|Any CPU.Build.0 = Debug|Any CPU
		{8A63EE0A-DDF7-4BE7-B4D8-85E1668F8F15}.Release|Any CPU.ActiveCfg = Release|Any CPU
		{8A63EE0A-DDF7-4BE7-B4D8-85E1668F8F15}.Release|Any CPU.Build.0 = Release|Any CPU
		{3548C272-6FF2-4287-9EC3-18E407CBF848}.Debug|Any CPU.ActiveCfg = Debug|Any CPU
		{3548C272-6FF2-4287-9EC3-18E407CBF848}.Debug|Any CPU.Build.0 = Debug|Any CPU
		{3548C272-6FF2-4287-9EC3-18E407CBF848}.Release|Any CPU.ActiveCfg = Release|Any CPU
		{3548C272-6FF2-4287-9EC3-18E407CBF848}.Release|Any CPU.Build.0 = Release|Any CPU
		{AA67DFB1-71D2-4D73-8320-13B7F5181D4B}.Debug|Any CPU.ActiveCfg = Debug|Any CPU
		{AA67DFB1-71D2-4D73-8320-13B7F5181D4B}.Debug|Any CPU.Build.0 = Debug|Any CPU
		{AA67DFB1-71D2-4D73-8320-13B7F5181D4B}.Release|Any CPU.ActiveCfg = Release|Any CPU
		{AA67DFB1-71D2-4D73-8320-13B7F5181D4B}.Release|Any CPU.Build.0 = Release|Any CPU
		{1C38D9C9-AE5F-4EAD-8855-09160C188F2A}.Debug|Any CPU.ActiveCfg = Debug|Any CPU
		{1C38D9C9-AE5F-4EAD-8855-09160C188F2A}.Debug|Any CPU.Build.0 = Debug|Any CPU
		{1C38D9C9-AE5F-4EAD-8855-09160C188F2A}.Release|Any CPU.ActiveCfg = Release|Any CPU
		{1C38D9C9-AE5F-4EAD-8855-09160C188F2A}.Release|Any CPU.Build.0 = Release|Any CPU
		{74043259-5C31-4E40-9538-34E8E563D73A}.Debug|Any CPU.ActiveCfg = Debug|Any CPU
		{74043259-5C31-4E40-9538-34E8E563D73A}.Debug|Any CPU.Build.0 = Debug|Any CPU
		{74043259-5C31-4E40-9538-34E8E563D73A}.Release|Any CPU.ActiveCfg = Release|Any CPU
		{74043259-5C31-4E40-9538-34E8E563D73A}.Release|Any CPU.Build.0 = Release|Any CPU
		{4B08D67D-4185-4AB0-8BC3-9B033F565C32}.Debug|Any CPU.ActiveCfg = Debug|Any CPU
		{4B08D67D-4185-4AB0-8BC3-9B033F565C32}.Debug|Any CPU.Build.0 = Debug|Any CPU
		{4B08D67D-4185-4AB0-8BC3-9B033F565C32}.Release|Any CPU.ActiveCfg = Release|Any CPU
		{4B08D67D-4185-4AB0-8BC3-9B033F565C32}.Release|Any CPU.Build.0 = Release|Any CPU
		{CACA17EC-2CA6-4F03-A9B7-7E0C2EEF8AD1}.Debug|Any CPU.ActiveCfg = Debug|Any CPU
		{CACA17EC-2CA6-4F03-A9B7-7E0C2EEF8AD1}.Debug|Any CPU.Build.0 = Debug|Any CPU
		{CACA17EC-2CA6-4F03-A9B7-7E0C2EEF8AD1}.Release|Any CPU.ActiveCfg = Release|Any CPU
		{CACA17EC-2CA6-4F03-A9B7-7E0C2EEF8AD1}.Release|Any CPU.Build.0 = Release|Any CPU
		{27A3D588-4936-4A0F-9280-F8757A3367D0}.Debug|Any CPU.ActiveCfg = Debug|Any CPU
		{27A3D588-4936-4A0F-9280-F8757A3367D0}.Debug|Any CPU.Build.0 = Debug|Any CPU
		{27A3D588-4936-4A0F-9280-F8757A3367D0}.Release|Any CPU.ActiveCfg = Release|Any CPU
		{27A3D588-4936-4A0F-9280-F8757A3367D0}.Release|Any CPU.Build.0 = Release|Any CPU
		{EAA1AFCC-3EEE-463D-9767-F4701030D082}.Debug|Any CPU.ActiveCfg = Debug|Any CPU
		{EAA1AFCC-3EEE-463D-9767-F4701030D082}.Debug|Any CPU.Build.0 = Debug|Any CPU
		{EAA1AFCC-3EEE-463D-9767-F4701030D082}.Release|Any CPU.ActiveCfg = Release|Any CPU
		{EAA1AFCC-3EEE-463D-9767-F4701030D082}.Release|Any CPU.Build.0 = Release|Any CPU
		{1A1C2F16-3AF0-42B9-879F-3B2E126854D9}.Debug|Any CPU.ActiveCfg = Debug|Any CPU
		{1A1C2F16-3AF0-42B9-879F-3B2E126854D9}.Debug|Any CPU.Build.0 = Debug|Any CPU
		{1A1C2F16-3AF0-42B9-879F-3B2E126854D9}.Release|Any CPU.ActiveCfg = Release|Any CPU
		{1A1C2F16-3AF0-42B9-879F-3B2E126854D9}.Release|Any CPU.Build.0 = Release|Any CPU
		{030F4EEB-7A57-4412-9984-C15988BF3466}.Debug|Any CPU.ActiveCfg = Debug|Any CPU
		{030F4EEB-7A57-4412-9984-C15988BF3466}.Debug|Any CPU.Build.0 = Debug|Any CPU
		{030F4EEB-7A57-4412-9984-C15988BF3466}.Release|Any CPU.ActiveCfg = Release|Any CPU
		{030F4EEB-7A57-4412-9984-C15988BF3466}.Release|Any CPU.Build.0 = Release|Any CPU
		{420AB0CB-9FA1-41BD-928C-34AC317A3D39}.Debug|Any CPU.ActiveCfg = Debug|Any CPU
		{420AB0CB-9FA1-41BD-928C-34AC317A3D39}.Debug|Any CPU.Build.0 = Debug|Any CPU
		{420AB0CB-9FA1-41BD-928C-34AC317A3D39}.Release|Any CPU.ActiveCfg = Release|Any CPU
		{420AB0CB-9FA1-41BD-928C-34AC317A3D39}.Release|Any CPU.Build.0 = Release|Any CPU
		{9973BB1C-A93C-43CF-84D6-9049EBC7AB4B}.Debug|Any CPU.ActiveCfg = Debug|Any CPU
		{9973BB1C-A93C-43CF-84D6-9049EBC7AB4B}.Debug|Any CPU.Build.0 = Debug|Any CPU
		{9973BB1C-A93C-43CF-84D6-9049EBC7AB4B}.Release|Any CPU.ActiveCfg = Release|Any CPU
		{9973BB1C-A93C-43CF-84D6-9049EBC7AB4B}.Release|Any CPU.Build.0 = Release|Any CPU
		{06526C98-4980-4ED2-A646-D04FF0DCE559}.Debug|Any CPU.ActiveCfg = Debug|Any CPU
		{06526C98-4980-4ED2-A646-D04FF0DCE559}.Debug|Any CPU.Build.0 = Debug|Any CPU
		{06526C98-4980-4ED2-A646-D04FF0DCE559}.Release|Any CPU.ActiveCfg = Release|Any CPU
		{06526C98-4980-4ED2-A646-D04FF0DCE559}.Release|Any CPU.Build.0 = Release|Any CPU
	EndGlobalSection
	GlobalSection(SolutionProperties) = preSolution
		HideSolutionNode = FALSE
	EndGlobalSection
	GlobalSection(NestedProjects) = preSolution
		{028D7C9A-41AC-4D52-8882-1B01D08BEE2A} = {90BDF4DB-E6AC-44F6-9F59-2A80AFF7011B}
		{F0F1269E-E4DB-4F6B-9A28-BF30DC0F1633} = {FD42F8BF-3BB6-4C5F-942B-D200852385D7}
		{579E0A03-646D-4B06-BC67-113D57233C72} = {90BDF4DB-E6AC-44F6-9F59-2A80AFF7011B}
		{8B554A9C-63FB-46A8-8D9A-5395F7FFEF59} = {579E0A03-646D-4B06-BC67-113D57233C72}
		{0F65F034-F30A-4E07-AB5E-60E80283319C} = {579E0A03-646D-4B06-BC67-113D57233C72}
		{C21B8ED0-B584-4361-86B8-1424EBFB6897} = {579E0A03-646D-4B06-BC67-113D57233C72}
		{C8A9B8B8-692A-4D66-9297-A50D0C3140BC} = {579E0A03-646D-4B06-BC67-113D57233C72}
		{5D8428AF-1A01-4195-98E8-19B9C37EBEE8} = {579E0A03-646D-4B06-BC67-113D57233C72}
		{EDC5BD25-EC60-4807-A9F2-D8589B797B89} = {579E0A03-646D-4B06-BC67-113D57233C72}
		{4C08531C-D659-4AED-80C6-68FB793E02E9} = {579E0A03-646D-4B06-BC67-113D57233C72}
		{57688248-CDEA-4614-ADFF-B514D49D9FE4} = {579E0A03-646D-4B06-BC67-113D57233C72}
		{7103775C-F9D5-4282-986A-1566EDBB2E0F} = {579E0A03-646D-4B06-BC67-113D57233C72}
		{9F293DE5-284F-44B2-9F7C-23A41781EB10} = {579E0A03-646D-4B06-BC67-113D57233C72}
		{8A63EE0A-DDF7-4BE7-B4D8-85E1668F8F15} = {579E0A03-646D-4B06-BC67-113D57233C72}
		{3548C272-6FF2-4287-9EC3-18E407CBF848} = {579E0A03-646D-4B06-BC67-113D57233C72}
		{AA67DFB1-71D2-4D73-8320-13B7F5181D4B} = {579E0A03-646D-4B06-BC67-113D57233C72}
		{1C38D9C9-AE5F-4EAD-8855-09160C188F2A} = {579E0A03-646D-4B06-BC67-113D57233C72}
		{74043259-5C31-4E40-9538-34E8E563D73A} = {579E0A03-646D-4B06-BC67-113D57233C72}
		{4B08D67D-4185-4AB0-8BC3-9B033F565C32} = {579E0A03-646D-4B06-BC67-113D57233C72}
		{CACA17EC-2CA6-4F03-A9B7-7E0C2EEF8AD1} = {579E0A03-646D-4B06-BC67-113D57233C72}
		{27A3D588-4936-4A0F-9280-F8757A3367D0} = {579E0A03-646D-4B06-BC67-113D57233C72}
		{EAA1AFCC-3EEE-463D-9767-F4701030D082} = {579E0A03-646D-4B06-BC67-113D57233C72}
		{1A1C2F16-3AF0-42B9-879F-3B2E126854D9} = {579E0A03-646D-4B06-BC67-113D57233C72}
		{030F4EEB-7A57-4412-9984-C15988BF3466} = {579E0A03-646D-4B06-BC67-113D57233C72}
		{420AB0CB-9FA1-41BD-928C-34AC317A3D39} = {579E0A03-646D-4B06-BC67-113D57233C72}
		{9973BB1C-A93C-43CF-84D6-9049EBC7AB4B} = {579E0A03-646D-4B06-BC67-113D57233C72}
		{06526C98-4980-4ED2-A646-D04FF0DCE559} = {579E0A03-646D-4B06-BC67-113D57233C72}
	EndGlobalSection
	GlobalSection(ExtensibilityGlobals) = postSolution
		SolutionGuid = {E73850FC-9FDA-4108-B333-C08D4DF17197}
	EndGlobalSection
EndGlobal
