
Microsoft Visual Studio Solution File, Format Version 12.00
# Visual Studio Version 17
VisualStudioVersion = 17.4.33205.214
MinimumVisualStudioVersion = 10.0.40219.1
Project("{9A19103F-16F7-4668-BE54-9A1E7A4F7556}") = "AocLib", "..\AocLib\AocLib.csproj", "{BC6DF86B-5F97-498A-ABD1-876C726F86FC}"
EndProject
Project("{2150E333-8FDC-42A3-9474-1A3956D46DE8}") = "lib", "lib", "{B8EE9B7D-95BD-487F-88A2-CDD54CF86876}"
EndProject
Project("{9A19103F-16F7-4668-BE54-9A1E7A4F7556}") = "Day01p1", "src\Day01p1\Day01p1.csproj", "{C48DC7AF-D758-429A-99BA-5C1D497D09AD}"
EndProject
Project("{9A19103F-16F7-4668-BE54-9A1E7A4F7556}") = "Day01p2", "src\Day01p2\Day01p2.csproj", "{FBBA621D-C41A-4631-822E-9A878C85D864}"
EndProject
Project("{9A19103F-16F7-4668-BE54-9A1E7A4F7556}") = "Day02p1", "src\Day02p1\Day02p1.csproj", "{5525C6E8-4BB3-42F3-9700-541A5E403AA2}"
EndProject
Project("{9A19103F-16F7-4668-BE54-9A1E7A4F7556}") = "Day02p2", "src\Day02p2\Day02p2.csproj", "{A8199A3E-EDB9-43E5-92AB-DF2E47ABC841}"
EndProject
Project("{9A19103F-16F7-4668-BE54-9A1E7A4F7556}") = "Day03p1", "src\Day03p1\Day03p1.csproj", "{4967BDD2-D4DF-4B78-88A0-EAF89DF60167}"
EndProject
Project("{9A19103F-16F7-4668-BE54-9A1E7A4F7556}") = "Day03p2", "src\Day03p2\Day03p2.csproj", "{33E920D8-4FB7-428E-BEA8-16FA3F5B8802}"
EndProject
Project("{9A19103F-16F7-4668-BE54-9A1E7A4F7556}") = "Day04p1", "src\Day04p1\Day04p1.csproj", "{809BB21E-DCB7-4CE7-AB78-564EEC5980ED}"
EndProject
Project("{9A19103F-16F7-4668-BE54-9A1E7A4F7556}") = "Day04p2", "src\Day04p2\Day04p2.csproj", "{9FEBC2EB-0733-49B2-95DE-23E8F1FE1C93}"
EndProject
Project("{9A19103F-16F7-4668-BE54-9A1E7A4F7556}") = "Day05p1", "src\Day05p1\Day05p1.csproj", "{5CACC6C0-CFF7-437C-980C-7E39A819A2FD}"
EndProject
Project("{9A19103F-16F7-4668-BE54-9A1E7A4F7556}") = "Day05p2", "src\Day05p2\Day05p2.csproj", "{0023AB13-A3AB-4C8E-8E23-875EB90B1FC4}"
EndProject
Project("{9A19103F-16F7-4668-BE54-9A1E7A4F7556}") = "Day06p1", "src\Day06p1\Day06p1.csproj", "{2F3D2D75-4088-40C3-8D80-BC9C82860FB6}"
EndProject
Project("{9A19103F-16F7-4668-BE54-9A1E7A4F7556}") = "Day06p2", "src\Day06p2\Day06p2.csproj", "{551FFD97-95CC-47D3-A998-3D27E3EA33EB}"
EndProject
Project("{9A19103F-16F7-4668-BE54-9A1E7A4F7556}") = "Day07p1", "src\Day07p1\Day07p1.csproj", "{A1B41369-9C8E-4EAF-A75A-68E9503E4733}"
EndProject
Project("{9A19103F-16F7-4668-BE54-9A1E7A4F7556}") = "Day07p2", "src\Day07p2\Day07p2.csproj", "{A62AD822-B87E-43D8-AF4B-073F257E43D3}"
EndProject
Project("{9A19103F-16F7-4668-BE54-9A1E7A4F7556}") = "Day08p1", "src\Day08p1\Day08p1.csproj", "{DCBC75FE-99F6-4384-8D31-3B66F299F80E}"
EndProject
Project("{9A19103F-16F7-4668-BE54-9A1E7A4F7556}") = "Day08p2", "src\Day08p2\Day08p2.csproj", "{3C66B7C9-5DDA-4649-B9BF-955F197FE9CF}"
EndProject
Project("{9A19103F-16F7-4668-BE54-9A1E7A4F7556}") = "Day09p1", "src\Day09p1\Day09p1.csproj", "{F982876F-E0D5-4A3F-923B-50D7BA660C6B}"
EndProject
Project("{9A19103F-16F7-4668-BE54-9A1E7A4F7556}") = "Day09p2", "src\Day09p2\Day09p2.csproj", "{4B2259B6-5103-4928-B837-306284912256}"
EndProject
Project("{9A19103F-16F7-4668-BE54-9A1E7A4F7556}") = "Day10p1", "src\Day10p1\Day10p1.csproj", "{871E3814-4671-4D57-9DE3-7A54FE48FDAD}"
EndProject
Project("{9A19103F-16F7-4668-BE54-9A1E7A4F7556}") = "Day10p2", "src\Day10p2\Day10p2.csproj", "{58D39FDC-EFDF-4F53-9786-77BE92E0B18D}"
EndProject
Project("{9A19103F-16F7-4668-BE54-9A1E7A4F7556}") = "Day11p1", "src\Day11p1\Day11p1.csproj", "{8F6AB454-13C5-441E-B6CC-B221778DF4A3}"
EndProject
Project("{9A19103F-16F7-4668-BE54-9A1E7A4F7556}") = "Day11p2", "src\Day11p2\Day11p2.csproj", "{92AF060A-DDD5-4A25-80CB-635F32105709}"
EndProject
Project("{9A19103F-16F7-4668-BE54-9A1E7A4F7556}") = "Day12p1", "src\Day12p1\Day12p1.csproj", "{FE062F83-70C8-4AF5-B23B-8547E330ED6C}"
EndProject
Project("{9A19103F-16F7-4668-BE54-9A1E7A4F7556}") = "Day12p2", "src\Day12p2\Day12p2.csproj", "{63F3CDE5-7F64-4C14-B30A-13782E55F918}"
EndProject
Project("{9A19103F-16F7-4668-BE54-9A1E7A4F7556}") = "Day13p1", "src\Day13p1\Day13p1.csproj", "{100070B4-967C-4283-9645-A090B59D8000}"
EndProject
Project("{9A19103F-16F7-4668-BE54-9A1E7A4F7556}") = "Day13p2", "src\Day13p2\Day13p2.csproj", "{F4E66CC8-66AA-42B5-9DA5-5BBB5C0F2A41}"
EndProject
Project("{9A19103F-16F7-4668-BE54-9A1E7A4F7556}") = "Day14p1", "src\Day14p1\Day14p1.csproj", "{C9F26B4C-DC2B-426B-B072-8A82D843DC0A}"
EndProject
Project("{9A19103F-16F7-4668-BE54-9A1E7A4F7556}") = "Day14p2", "src\Day14p2\Day14p2.csproj", "{C0150520-B2E5-4E46-A5B0-A74EBE414F47}"
EndProject
Project("{9A19103F-16F7-4668-BE54-9A1E7A4F7556}") = "Day15p1", "src\Day15p1\Day15p1.csproj", "{F5021B4C-5442-47A4-AB1B-04251A482BBF}"
EndProject
Project("{9A19103F-16F7-4668-BE54-9A1E7A4F7556}") = "Day15p2", "src\Day15p2\Day15p2.csproj", "{3A0CA9D0-F5EA-4F9E-AE0E-D3C544A6A3DD}"
EndProject
Project("{9A19103F-16F7-4668-BE54-9A1E7A4F7556}") = "Day16p1", "src\Day16p1\Day16p1.csproj", "{456CB59E-10A9-443E-A309-9A8AE5E6A61D}"
EndProject
Project("{9A19103F-16F7-4668-BE54-9A1E7A4F7556}") = "Day16p2", "src\Day16p2\Day16p2.csproj", "{19A92590-3372-49F1-BE2D-D1D2BAB15606}"
EndProject
Project("{9A19103F-16F7-4668-BE54-9A1E7A4F7556}") = "Day17p1", "src\Day17p1\Day17p1.csproj", "{BB78266C-F1B0-46B4-A8B7-E1DF49C847EB}"
EndProject
Project("{9A19103F-16F7-4668-BE54-9A1E7A4F7556}") = "Day17p2", "src\Day17p2\Day17p2.csproj", "{E58BE740-29E5-41A0-864F-D2C0B9D2547E}"
EndProject
Project("{9A19103F-16F7-4668-BE54-9A1E7A4F7556}") = "Day18p1", "src\Day18p1\Day18p1.csproj", "{482507B4-84C8-4309-A2F7-E595FDC4AA2B}"
EndProject
Project("{9A19103F-16F7-4668-BE54-9A1E7A4F7556}") = "Day18p2", "src\Day18p2\Day18p2.csproj", "{1F86F8FC-0BD0-4CE2-8B14-B63EEF248757}"
EndProject
Project("{9A19103F-16F7-4668-BE54-9A1E7A4F7556}") = "Day19p1", "src\Day19p1\Day19p1.csproj", "{D290F735-97BC-4CE9-BABB-B3D15CEA593E}"
EndProject
Project("{9A19103F-16F7-4668-BE54-9A1E7A4F7556}") = "Day19p2", "src\Day19p2\Day19p2.csproj", "{B7F9913B-90BB-47C8-BAB0-2A3C5E5D25ED}"
EndProject
Project("{9A19103F-16F7-4668-BE54-9A1E7A4F7556}") = "Day20p1", "src\Day20p1\Day20p1.csproj", "{7BB4D2CF-B5D3-40A6-862F-C3933AA2AE68}"
EndProject
Project("{9A19103F-16F7-4668-BE54-9A1E7A4F7556}") = "Day20p2", "src\Day20p2\Day20p2.csproj", "{67C485F3-C19B-4A3C-A8B3-575E0E689268}"
EndProject
Project("{9A19103F-16F7-4668-BE54-9A1E7A4F7556}") = "Day21p1", "src\Day21p1\Day21p1.csproj", "{386EA50C-01C7-42E0-81AA-148E090A4C7A}"
EndProject
Project("{9A19103F-16F7-4668-BE54-9A1E7A4F7556}") = "Day21p2", "src\Day21p2\Day21p2.csproj", "{A499FBCF-56FD-44DE-96D9-4D3F0BEF158D}"
EndProject
Project("{9A19103F-16F7-4668-BE54-9A1E7A4F7556}") = "Day22p1", "src\Day22p1\Day22p1.csproj", "{4CA5BBA9-2971-4A26-9154-2442FDA64B25}"
EndProject
Project("{9A19103F-16F7-4668-BE54-9A1E7A4F7556}") = "Day22p2", "src\Day22p2\Day22p2.csproj", "{DC3708E3-CE6C-4618-86A0-557DB9236FC6}"
EndProject
Project("{9A19103F-16F7-4668-BE54-9A1E7A4F7556}") = "Day23p1", "src\Day23p1\Day23p1.csproj", "{E17155E1-EC10-4643-8B27-D1C456D7CEBE}"
EndProject
Project("{9A19103F-16F7-4668-BE54-9A1E7A4F7556}") = "Day23p2", "src\Day23p2\Day23p2.csproj", "{BEA60942-9218-4188-BBC9-EFF87A8A2413}"
EndProject
Global
	GlobalSection(SolutionConfigurationPlatforms) = preSolution
		Debug|Any CPU = Debug|Any CPU
		Release|Any CPU = Release|Any CPU
	EndGlobalSection
	GlobalSection(ProjectConfigurationPlatforms) = postSolution
		{BC6DF86B-5F97-498A-ABD1-876C726F86FC}.Debug|Any CPU.ActiveCfg = Debug|Any CPU
		{BC6DF86B-5F97-498A-ABD1-876C726F86FC}.Debug|Any CPU.Build.0 = Debug|Any CPU
		{BC6DF86B-5F97-498A-ABD1-876C726F86FC}.Release|Any CPU.ActiveCfg = Release|Any CPU
		{BC6DF86B-5F97-498A-ABD1-876C726F86FC}.Release|Any CPU.Build.0 = Release|Any CPU
		{C48DC7AF-D758-429A-99BA-5C1D497D09AD}.Debug|Any CPU.ActiveCfg = Debug|Any CPU
		{C48DC7AF-D758-429A-99BA-5C1D497D09AD}.Debug|Any CPU.Build.0 = Debug|Any CPU
		{C48DC7AF-D758-429A-99BA-5C1D497D09AD}.Release|Any CPU.ActiveCfg = Release|Any CPU
		{C48DC7AF-D758-429A-99BA-5C1D497D09AD}.Release|Any CPU.Build.0 = Release|Any CPU
		{FBBA621D-C41A-4631-822E-9A878C85D864}.Debug|Any CPU.ActiveCfg = Debug|Any CPU
		{FBBA621D-C41A-4631-822E-9A878C85D864}.Debug|Any CPU.Build.0 = Debug|Any CPU
		{FBBA621D-C41A-4631-822E-9A878C85D864}.Release|Any CPU.ActiveCfg = Release|Any CPU
		{FBBA621D-C41A-4631-822E-9A878C85D864}.Release|Any CPU.Build.0 = Release|Any CPU
		{5525C6E8-4BB3-42F3-9700-541A5E403AA2}.Debug|Any CPU.ActiveCfg = Debug|Any CPU
		{5525C6E8-4BB3-42F3-9700-541A5E403AA2}.Debug|Any CPU.Build.0 = Debug|Any CPU
		{5525C6E8-4BB3-42F3-9700-541A5E403AA2}.Release|Any CPU.ActiveCfg = Release|Any CPU
		{5525C6E8-4BB3-42F3-9700-541A5E403AA2}.Release|Any CPU.Build.0 = Release|Any CPU
		{A8199A3E-EDB9-43E5-92AB-DF2E47ABC841}.Debug|Any CPU.ActiveCfg = Debug|Any CPU
		{A8199A3E-EDB9-43E5-92AB-DF2E47ABC841}.Debug|Any CPU.Build.0 = Debug|Any CPU
		{A8199A3E-EDB9-43E5-92AB-DF2E47ABC841}.Release|Any CPU.ActiveCfg = Release|Any CPU
		{A8199A3E-EDB9-43E5-92AB-DF2E47ABC841}.Release|Any CPU.Build.0 = Release|Any CPU
		{4967BDD2-D4DF-4B78-88A0-EAF89DF60167}.Debug|Any CPU.ActiveCfg = Debug|Any CPU
		{4967BDD2-D4DF-4B78-88A0-EAF89DF60167}.Debug|Any CPU.Build.0 = Debug|Any CPU
		{4967BDD2-D4DF-4B78-88A0-EAF89DF60167}.Release|Any CPU.ActiveCfg = Release|Any CPU
		{4967BDD2-D4DF-4B78-88A0-EAF89DF60167}.Release|Any CPU.Build.0 = Release|Any CPU
		{33E920D8-4FB7-428E-BEA8-16FA3F5B8802}.Debug|Any CPU.ActiveCfg = Debug|Any CPU
		{33E920D8-4FB7-428E-BEA8-16FA3F5B8802}.Debug|Any CPU.Build.0 = Debug|Any CPU
		{33E920D8-4FB7-428E-BEA8-16FA3F5B8802}.Release|Any CPU.ActiveCfg = Release|Any CPU
		{33E920D8-4FB7-428E-BEA8-16FA3F5B8802}.Release|Any CPU.Build.0 = Release|Any CPU
		{809BB21E-DCB7-4CE7-AB78-564EEC5980ED}.Debug|Any CPU.ActiveCfg = Debug|Any CPU
		{809BB21E-DCB7-4CE7-AB78-564EEC5980ED}.Debug|Any CPU.Build.0 = Debug|Any CPU
		{809BB21E-DCB7-4CE7-AB78-564EEC5980ED}.Release|Any CPU.ActiveCfg = Release|Any CPU
		{809BB21E-DCB7-4CE7-AB78-564EEC5980ED}.Release|Any CPU.Build.0 = Release|Any CPU
		{9FEBC2EB-0733-49B2-95DE-23E8F1FE1C93}.Debug|Any CPU.ActiveCfg = Debug|Any CPU
		{9FEBC2EB-0733-49B2-95DE-23E8F1FE1C93}.Debug|Any CPU.Build.0 = Debug|Any CPU
		{9FEBC2EB-0733-49B2-95DE-23E8F1FE1C93}.Release|Any CPU.ActiveCfg = Release|Any CPU
		{9FEBC2EB-0733-49B2-95DE-23E8F1FE1C93}.Release|Any CPU.Build.0 = Release|Any CPU
		{5CACC6C0-CFF7-437C-980C-7E39A819A2FD}.Debug|Any CPU.ActiveCfg = Debug|Any CPU
		{5CACC6C0-CFF7-437C-980C-7E39A819A2FD}.Debug|Any CPU.Build.0 = Debug|Any CPU
		{5CACC6C0-CFF7-437C-980C-7E39A819A2FD}.Release|Any CPU.ActiveCfg = Release|Any CPU
		{5CACC6C0-CFF7-437C-980C-7E39A819A2FD}.Release|Any CPU.Build.0 = Release|Any CPU
		{0023AB13-A3AB-4C8E-8E23-875EB90B1FC4}.Debug|Any CPU.ActiveCfg = Debug|Any CPU
		{0023AB13-A3AB-4C8E-8E23-875EB90B1FC4}.Debug|Any CPU.Build.0 = Debug|Any CPU
		{0023AB13-A3AB-4C8E-8E23-875EB90B1FC4}.Release|Any CPU.ActiveCfg = Release|Any CPU
		{0023AB13-A3AB-4C8E-8E23-875EB90B1FC4}.Release|Any CPU.Build.0 = Release|Any CPU
		{2F3D2D75-4088-40C3-8D80-BC9C82860FB6}.Debug|Any CPU.ActiveCfg = Debug|Any CPU
		{2F3D2D75-4088-40C3-8D80-BC9C82860FB6}.Debug|Any CPU.Build.0 = Debug|Any CPU
		{2F3D2D75-4088-40C3-8D80-BC9C82860FB6}.Release|Any CPU.ActiveCfg = Release|Any CPU
		{2F3D2D75-4088-40C3-8D80-BC9C82860FB6}.Release|Any CPU.Build.0 = Release|Any CPU
		{551FFD97-95CC-47D3-A998-3D27E3EA33EB}.Debug|Any CPU.ActiveCfg = Debug|Any CPU
		{551FFD97-95CC-47D3-A998-3D27E3EA33EB}.Debug|Any CPU.Build.0 = Debug|Any CPU
		{551FFD97-95CC-47D3-A998-3D27E3EA33EB}.Release|Any CPU.ActiveCfg = Release|Any CPU
		{551FFD97-95CC-47D3-A998-3D27E3EA33EB}.Release|Any CPU.Build.0 = Release|Any CPU
		{A1B41369-9C8E-4EAF-A75A-68E9503E4733}.Debug|Any CPU.ActiveCfg = Debug|Any CPU
		{A1B41369-9C8E-4EAF-A75A-68E9503E4733}.Debug|Any CPU.Build.0 = Debug|Any CPU
		{A1B41369-9C8E-4EAF-A75A-68E9503E4733}.Release|Any CPU.ActiveCfg = Release|Any CPU
		{A1B41369-9C8E-4EAF-A75A-68E9503E4733}.Release|Any CPU.Build.0 = Release|Any CPU
		{A62AD822-B87E-43D8-AF4B-073F257E43D3}.Debug|Any CPU.ActiveCfg = Debug|Any CPU
		{A62AD822-B87E-43D8-AF4B-073F257E43D3}.Debug|Any CPU.Build.0 = Debug|Any CPU
		{A62AD822-B87E-43D8-AF4B-073F257E43D3}.Release|Any CPU.ActiveCfg = Release|Any CPU
		{A62AD822-B87E-43D8-AF4B-073F257E43D3}.Release|Any CPU.Build.0 = Release|Any CPU
		{DCBC75FE-99F6-4384-8D31-3B66F299F80E}.Debug|Any CPU.ActiveCfg = Debug|Any CPU
		{DCBC75FE-99F6-4384-8D31-3B66F299F80E}.Debug|Any CPU.Build.0 = Debug|Any CPU
		{DCBC75FE-99F6-4384-8D31-3B66F299F80E}.Release|Any CPU.ActiveCfg = Release|Any CPU
		{DCBC75FE-99F6-4384-8D31-3B66F299F80E}.Release|Any CPU.Build.0 = Release|Any CPU
		{3C66B7C9-5DDA-4649-B9BF-955F197FE9CF}.Debug|Any CPU.ActiveCfg = Debug|Any CPU
		{3C66B7C9-5DDA-4649-B9BF-955F197FE9CF}.Debug|Any CPU.Build.0 = Debug|Any CPU
		{3C66B7C9-5DDA-4649-B9BF-955F197FE9CF}.Release|Any CPU.ActiveCfg = Release|Any CPU
		{3C66B7C9-5DDA-4649-B9BF-955F197FE9CF}.Release|Any CPU.Build.0 = Release|Any CPU
		{F982876F-E0D5-4A3F-923B-50D7BA660C6B}.Debug|Any CPU.ActiveCfg = Debug|Any CPU
		{F982876F-E0D5-4A3F-923B-50D7BA660C6B}.Debug|Any CPU.Build.0 = Debug|Any CPU
		{F982876F-E0D5-4A3F-923B-50D7BA660C6B}.Release|Any CPU.ActiveCfg = Release|Any CPU
		{F982876F-E0D5-4A3F-923B-50D7BA660C6B}.Release|Any CPU.Build.0 = Release|Any CPU
		{4B2259B6-5103-4928-B837-306284912256}.Debug|Any CPU.ActiveCfg = Debug|Any CPU
		{4B2259B6-5103-4928-B837-306284912256}.Debug|Any CPU.Build.0 = Debug|Any CPU
		{4B2259B6-5103-4928-B837-306284912256}.Release|Any CPU.ActiveCfg = Release|Any CPU
		{4B2259B6-5103-4928-B837-306284912256}.Release|Any CPU.Build.0 = Release|Any CPU
		{871E3814-4671-4D57-9DE3-7A54FE48FDAD}.Debug|Any CPU.ActiveCfg = Debug|Any CPU
		{871E3814-4671-4D57-9DE3-7A54FE48FDAD}.Debug|Any CPU.Build.0 = Debug|Any CPU
		{871E3814-4671-4D57-9DE3-7A54FE48FDAD}.Release|Any CPU.ActiveCfg = Release|Any CPU
		{871E3814-4671-4D57-9DE3-7A54FE48FDAD}.Release|Any CPU.Build.0 = Release|Any CPU
		{58D39FDC-EFDF-4F53-9786-77BE92E0B18D}.Debug|Any CPU.ActiveCfg = Debug|Any CPU
		{58D39FDC-EFDF-4F53-9786-77BE92E0B18D}.Debug|Any CPU.Build.0 = Debug|Any CPU
		{58D39FDC-EFDF-4F53-9786-77BE92E0B18D}.Release|Any CPU.ActiveCfg = Release|Any CPU
		{58D39FDC-EFDF-4F53-9786-77BE92E0B18D}.Release|Any CPU.Build.0 = Release|Any CPU
		{8F6AB454-13C5-441E-B6CC-B221778DF4A3}.Debug|Any CPU.ActiveCfg = Debug|Any CPU
		{8F6AB454-13C5-441E-B6CC-B221778DF4A3}.Debug|Any CPU.Build.0 = Debug|Any CPU
		{8F6AB454-13C5-441E-B6CC-B221778DF4A3}.Release|Any CPU.ActiveCfg = Release|Any CPU
		{8F6AB454-13C5-441E-B6CC-B221778DF4A3}.Release|Any CPU.Build.0 = Release|Any CPU
		{92AF060A-DDD5-4A25-80CB-635F32105709}.Debug|Any CPU.ActiveCfg = Debug|Any CPU
		{92AF060A-DDD5-4A25-80CB-635F32105709}.Debug|Any CPU.Build.0 = Debug|Any CPU
		{92AF060A-DDD5-4A25-80CB-635F32105709}.Release|Any CPU.ActiveCfg = Release|Any CPU
		{92AF060A-DDD5-4A25-80CB-635F32105709}.Release|Any CPU.Build.0 = Release|Any CPU
		{FE062F83-70C8-4AF5-B23B-8547E330ED6C}.Debug|Any CPU.ActiveCfg = Debug|Any CPU
		{FE062F83-70C8-4AF5-B23B-8547E330ED6C}.Debug|Any CPU.Build.0 = Debug|Any CPU
		{FE062F83-70C8-4AF5-B23B-8547E330ED6C}.Release|Any CPU.ActiveCfg = Release|Any CPU
		{FE062F83-70C8-4AF5-B23B-8547E330ED6C}.Release|Any CPU.Build.0 = Release|Any CPU
		{63F3CDE5-7F64-4C14-B30A-13782E55F918}.Debug|Any CPU.ActiveCfg = Debug|Any CPU
		{63F3CDE5-7F64-4C14-B30A-13782E55F918}.Debug|Any CPU.Build.0 = Debug|Any CPU
		{63F3CDE5-7F64-4C14-B30A-13782E55F918}.Release|Any CPU.ActiveCfg = Release|Any CPU
		{63F3CDE5-7F64-4C14-B30A-13782E55F918}.Release|Any CPU.Build.0 = Release|Any CPU
		{100070B4-967C-4283-9645-A090B59D8000}.Debug|Any CPU.ActiveCfg = Debug|Any CPU
		{100070B4-967C-4283-9645-A090B59D8000}.Debug|Any CPU.Build.0 = Debug|Any CPU
		{100070B4-967C-4283-9645-A090B59D8000}.Release|Any CPU.ActiveCfg = Release|Any CPU
		{100070B4-967C-4283-9645-A090B59D8000}.Release|Any CPU.Build.0 = Release|Any CPU
		{F4E66CC8-66AA-42B5-9DA5-5BBB5C0F2A41}.Debug|Any CPU.ActiveCfg = Debug|Any CPU
		{F4E66CC8-66AA-42B5-9DA5-5BBB5C0F2A41}.Debug|Any CPU.Build.0 = Debug|Any CPU
		{F4E66CC8-66AA-42B5-9DA5-5BBB5C0F2A41}.Release|Any CPU.ActiveCfg = Release|Any CPU
		{F4E66CC8-66AA-42B5-9DA5-5BBB5C0F2A41}.Release|Any CPU.Build.0 = Release|Any CPU
		{C9F26B4C-DC2B-426B-B072-8A82D843DC0A}.Debug|Any CPU.ActiveCfg = Debug|Any CPU
		{C9F26B4C-DC2B-426B-B072-8A82D843DC0A}.Debug|Any CPU.Build.0 = Debug|Any CPU
		{C9F26B4C-DC2B-426B-B072-8A82D843DC0A}.Release|Any CPU.ActiveCfg = Release|Any CPU
		{C9F26B4C-DC2B-426B-B072-8A82D843DC0A}.Release|Any CPU.Build.0 = Release|Any CPU
		{C0150520-B2E5-4E46-A5B0-A74EBE414F47}.Debug|Any CPU.ActiveCfg = Debug|Any CPU
		{C0150520-B2E5-4E46-A5B0-A74EBE414F47}.Debug|Any CPU.Build.0 = Debug|Any CPU
		{C0150520-B2E5-4E46-A5B0-A74EBE414F47}.Release|Any CPU.ActiveCfg = Release|Any CPU
		{C0150520-B2E5-4E46-A5B0-A74EBE414F47}.Release|Any CPU.Build.0 = Release|Any CPU
		{F5021B4C-5442-47A4-AB1B-04251A482BBF}.Debug|Any CPU.ActiveCfg = Debug|Any CPU
		{F5021B4C-5442-47A4-AB1B-04251A482BBF}.Debug|Any CPU.Build.0 = Debug|Any CPU
		{F5021B4C-5442-47A4-AB1B-04251A482BBF}.Release|Any CPU.ActiveCfg = Release|Any CPU
		{F5021B4C-5442-47A4-AB1B-04251A482BBF}.Release|Any CPU.Build.0 = Release|Any CPU
		{3A0CA9D0-F5EA-4F9E-AE0E-D3C544A6A3DD}.Debug|Any CPU.ActiveCfg = Debug|Any CPU
		{3A0CA9D0-F5EA-4F9E-AE0E-D3C544A6A3DD}.Debug|Any CPU.Build.0 = Debug|Any CPU
		{3A0CA9D0-F5EA-4F9E-AE0E-D3C544A6A3DD}.Release|Any CPU.ActiveCfg = Release|Any CPU
		{3A0CA9D0-F5EA-4F9E-AE0E-D3C544A6A3DD}.Release|Any CPU.Build.0 = Release|Any CPU
		{456CB59E-10A9-443E-A309-9A8AE5E6A61D}.Debug|Any CPU.ActiveCfg = Debug|Any CPU
		{456CB59E-10A9-443E-A309-9A8AE5E6A61D}.Debug|Any CPU.Build.0 = Debug|Any CPU
		{456CB59E-10A9-443E-A309-9A8AE5E6A61D}.Release|Any CPU.ActiveCfg = Release|Any CPU
		{456CB59E-10A9-443E-A309-9A8AE5E6A61D}.Release|Any CPU.Build.0 = Release|Any CPU
		{19A92590-3372-49F1-BE2D-D1D2BAB15606}.Debug|Any CPU.ActiveCfg = Debug|Any CPU
		{19A92590-3372-49F1-BE2D-D1D2BAB15606}.Debug|Any CPU.Build.0 = Debug|Any CPU
		{19A92590-3372-49F1-BE2D-D1D2BAB15606}.Release|Any CPU.ActiveCfg = Release|Any CPU
		{19A92590-3372-49F1-BE2D-D1D2BAB15606}.Release|Any CPU.Build.0 = Release|Any CPU
		{BB78266C-F1B0-46B4-A8B7-E1DF49C847EB}.Debug|Any CPU.ActiveCfg = Debug|Any CPU
		{BB78266C-F1B0-46B4-A8B7-E1DF49C847EB}.Debug|Any CPU.Build.0 = Debug|Any CPU
		{BB78266C-F1B0-46B4-A8B7-E1DF49C847EB}.Release|Any CPU.ActiveCfg = Release|Any CPU
		{BB78266C-F1B0-46B4-A8B7-E1DF49C847EB}.Release|Any CPU.Build.0 = Release|Any CPU
		{E58BE740-29E5-41A0-864F-D2C0B9D2547E}.Debug|Any CPU.ActiveCfg = Debug|Any CPU
		{E58BE740-29E5-41A0-864F-D2C0B9D2547E}.Debug|Any CPU.Build.0 = Debug|Any CPU
		{E58BE740-29E5-41A0-864F-D2C0B9D2547E}.Release|Any CPU.ActiveCfg = Release|Any CPU
		{E58BE740-29E5-41A0-864F-D2C0B9D2547E}.Release|Any CPU.Build.0 = Release|Any CPU
		{482507B4-84C8-4309-A2F7-E595FDC4AA2B}.Debug|Any CPU.ActiveCfg = Debug|Any CPU
		{482507B4-84C8-4309-A2F7-E595FDC4AA2B}.Debug|Any CPU.Build.0 = Debug|Any CPU
		{482507B4-84C8-4309-A2F7-E595FDC4AA2B}.Release|Any CPU.ActiveCfg = Release|Any CPU
		{482507B4-84C8-4309-A2F7-E595FDC4AA2B}.Release|Any CPU.Build.0 = Release|Any CPU
		{1F86F8FC-0BD0-4CE2-8B14-B63EEF248757}.Debug|Any CPU.ActiveCfg = Debug|Any CPU
		{1F86F8FC-0BD0-4CE2-8B14-B63EEF248757}.Debug|Any CPU.Build.0 = Debug|Any CPU
		{1F86F8FC-0BD0-4CE2-8B14-B63EEF248757}.Release|Any CPU.ActiveCfg = Release|Any CPU
		{1F86F8FC-0BD0-4CE2-8B14-B63EEF248757}.Release|Any CPU.Build.0 = Release|Any CPU
		{D290F735-97BC-4CE9-BABB-B3D15CEA593E}.Debug|Any CPU.ActiveCfg = Debug|Any CPU
		{D290F735-97BC-4CE9-BABB-B3D15CEA593E}.Debug|Any CPU.Build.0 = Debug|Any CPU
		{D290F735-97BC-4CE9-BABB-B3D15CEA593E}.Release|Any CPU.ActiveCfg = Release|Any CPU
		{D290F735-97BC-4CE9-BABB-B3D15CEA593E}.Release|Any CPU.Build.0 = Release|Any CPU
		{B7F9913B-90BB-47C8-BAB0-2A3C5E5D25ED}.Debug|Any CPU.ActiveCfg = Debug|Any CPU
		{B7F9913B-90BB-47C8-BAB0-2A3C5E5D25ED}.Debug|Any CPU.Build.0 = Debug|Any CPU
		{B7F9913B-90BB-47C8-BAB0-2A3C5E5D25ED}.Release|Any CPU.ActiveCfg = Release|Any CPU
		{B7F9913B-90BB-47C8-BAB0-2A3C5E5D25ED}.Release|Any CPU.Build.0 = Release|Any CPU
		{7BB4D2CF-B5D3-40A6-862F-C3933AA2AE68}.Debug|Any CPU.ActiveCfg = Debug|Any CPU
		{7BB4D2CF-B5D3-40A6-862F-C3933AA2AE68}.Debug|Any CPU.Build.0 = Debug|Any CPU
		{7BB4D2CF-B5D3-40A6-862F-C3933AA2AE68}.Release|Any CPU.ActiveCfg = Release|Any CPU
		{7BB4D2CF-B5D3-40A6-862F-C3933AA2AE68}.Release|Any CPU.Build.0 = Release|Any CPU
		{67C485F3-C19B-4A3C-A8B3-575E0E689268}.Debug|Any CPU.ActiveCfg = Debug|Any CPU
		{67C485F3-C19B-4A3C-A8B3-575E0E689268}.Debug|Any CPU.Build.0 = Debug|Any CPU
		{67C485F3-C19B-4A3C-A8B3-575E0E689268}.Release|Any CPU.ActiveCfg = Release|Any CPU
		{67C485F3-C19B-4A3C-A8B3-575E0E689268}.Release|Any CPU.Build.0 = Release|Any CPU
		{386EA50C-01C7-42E0-81AA-148E090A4C7A}.Debug|Any CPU.ActiveCfg = Debug|Any CPU
		{386EA50C-01C7-42E0-81AA-148E090A4C7A}.Debug|Any CPU.Build.0 = Debug|Any CPU
		{386EA50C-01C7-42E0-81AA-148E090A4C7A}.Release|Any CPU.ActiveCfg = Release|Any CPU
		{386EA50C-01C7-42E0-81AA-148E090A4C7A}.Release|Any CPU.Build.0 = Release|Any CPU
		{A499FBCF-56FD-44DE-96D9-4D3F0BEF158D}.Debug|Any CPU.ActiveCfg = Debug|Any CPU
		{A499FBCF-56FD-44DE-96D9-4D3F0BEF158D}.Debug|Any CPU.Build.0 = Debug|Any CPU
		{A499FBCF-56FD-44DE-96D9-4D3F0BEF158D}.Release|Any CPU.ActiveCfg = Release|Any CPU
		{A499FBCF-56FD-44DE-96D9-4D3F0BEF158D}.Release|Any CPU.Build.0 = Release|Any CPU
		{4CA5BBA9-2971-4A26-9154-2442FDA64B25}.Debug|Any CPU.ActiveCfg = Debug|Any CPU
		{4CA5BBA9-2971-4A26-9154-2442FDA64B25}.Debug|Any CPU.Build.0 = Debug|Any CPU
		{4CA5BBA9-2971-4A26-9154-2442FDA64B25}.Release|Any CPU.ActiveCfg = Release|Any CPU
		{4CA5BBA9-2971-4A26-9154-2442FDA64B25}.Release|Any CPU.Build.0 = Release|Any CPU
		{DC3708E3-CE6C-4618-86A0-557DB9236FC6}.Debug|Any CPU.ActiveCfg = Debug|Any CPU
		{DC3708E3-CE6C-4618-86A0-557DB9236FC6}.Debug|Any CPU.Build.0 = Debug|Any CPU
		{DC3708E3-CE6C-4618-86A0-557DB9236FC6}.Release|Any CPU.ActiveCfg = Release|Any CPU
		{DC3708E3-CE6C-4618-86A0-557DB9236FC6}.Release|Any CPU.Build.0 = Release|Any CPU
		{E17155E1-EC10-4643-8B27-D1C456D7CEBE}.Debug|Any CPU.ActiveCfg = Debug|Any CPU
		{E17155E1-EC10-4643-8B27-D1C456D7CEBE}.Debug|Any CPU.Build.0 = Debug|Any CPU
		{E17155E1-EC10-4643-8B27-D1C456D7CEBE}.Release|Any CPU.ActiveCfg = Release|Any CPU
		{E17155E1-EC10-4643-8B27-D1C456D7CEBE}.Release|Any CPU.Build.0 = Release|Any CPU
		{BEA60942-9218-4188-BBC9-EFF87A8A2413}.Debug|Any CPU.ActiveCfg = Debug|Any CPU
		{BEA60942-9218-4188-BBC9-EFF87A8A2413}.Debug|Any CPU.Build.0 = Debug|Any CPU
		{BEA60942-9218-4188-BBC9-EFF87A8A2413}.Release|Any CPU.ActiveCfg = Release|Any CPU
		{BEA60942-9218-4188-BBC9-EFF87A8A2413}.Release|Any CPU.Build.0 = Release|Any CPU
	EndGlobalSection
	GlobalSection(SolutionProperties) = preSolution
		HideSolutionNode = FALSE
	EndGlobalSection
	GlobalSection(NestedProjects) = preSolution
		{BC6DF86B-5F97-498A-ABD1-876C726F86FC} = {B8EE9B7D-95BD-487F-88A2-CDD54CF86876}
	EndGlobalSection
	GlobalSection(ExtensibilityGlobals) = postSolution
		SolutionGuid = {E73850FC-9FDA-4108-B333-C08D4DF17197}
	EndGlobalSection
EndGlobal
